
Microsoft Visual Studio Solution File, Format Version 12.00
# Visual Studio Version 17
VisualStudioVersion = 17.13.35931.197 d17.13
MinimumVisualStudioVersion = 10.0.40219.1
Project("{FAE04EC0-301F-11D3-BF4B-00C04F79EFBC}") = "hover", "hover\hover.csproj", "{CE6850F2-4B32-4351-8FA0-7EA2D524C04F}"
EndProject
Global
	GlobalSection(SolutionConfigurationPlatforms) = preSolution
		Debug|Any CPU = Debug|Any CPU
		Release|Any CPU = Release|Any CPU
	EndGlobalSection
	GlobalSection(ProjectConfigurationPlatforms) = postSolution
		{CE6850F2-4B32-4351-8FA0-7EA2D524C04F}.Debug|Any CPU.ActiveCfg = Debug|Any CPU
		{CE6850F2-4B32-4351-8FA0-7EA2D524C04F}.Debug|Any CPU.Build.0 = Debug|Any CPU
		{CE6850F2-4B32-4351-8FA0-7EA2D524C04F}.Release|Any CPU.ActiveCfg = Release|Any CPU
		{CE6850F2-4B32-4351-8FA0-7EA2D524C04F}.Release|Any CPU.Build.0 = Release|Any CPU
	EndGlobalSection
	GlobalSection(SolutionProperties) = preSolution
		HideSolutionNode = FALSE
	EndGlobalSection
	GlobalSection(ExtensibilityGlobals) = postSolution
		SolutionGuid = {404E2989-2228-4A80-A5F2-A570DE0BC33F}
	EndGlobalSection
EndGlobal
